
Microsoft Visual Studio Solution File, Format Version 12.00
# Visual Studio Version 17
VisualStudioVersion = 17.4.33403.182
MinimumVisualStudioVersion = 10.0.40219.1
Project("{9A19103F-16F7-4668-BE54-9A1E7A4F7556}") = "RabbitMQConfiguration", "RabbitMQConfiguration\RabbitMQConfiguration.csproj", "{96249F45-F71E-4F67-9D5C-6BD2D6EED410}"
EndProject
Project("{9A19103F-16F7-4668-BE54-9A1E7A4F7556}") = "RabbitMQ_Sender", "RabbitMQ_Sender\RabbitMQ_Sender.csproj", "{3D5C48E8-8A27-4D95-AFF9-7C061E5594F8}"
EndProject
Project("{FAE04EC0-301F-11D3-BF4B-00C04F79EFBC}") = "RabbitMQ_Consumer", "RabbitMQ_Consumer\RabbitMQ_Consumer.csproj", "{52F82FEC-2409-4773-AC4F-690D9EB3FC8F}"
EndProject
Project("{FAE04EC0-301F-11D3-BF4B-00C04F79EFBC}") = "RabbitMQ_Consumer2", "RabbitMQ_Consumer2\RabbitMQ_Consumer2.csproj", "{251F0ACA-3703-4670-B8E4-E3FC05886BAF}"
EndProject
Global
	GlobalSection(SolutionConfigurationPlatforms) = preSolution
		Debug|Any CPU = Debug|Any CPU
		Release|Any CPU = Release|Any CPU
	EndGlobalSection
	GlobalSection(ProjectConfigurationPlatforms) = postSolution
		{96249F45-F71E-4F67-9D5C-6BD2D6EED410}.Debug|Any CPU.ActiveCfg = Debug|Any CPU
		{96249F45-F71E-4F67-9D5C-6BD2D6EED410}.Debug|Any CPU.Build.0 = Debug|Any CPU
		{96249F45-F71E-4F67-9D5C-6BD2D6EED410}.Release|Any CPU.ActiveCfg = Release|Any CPU
		{96249F45-F71E-4F67-9D5C-6BD2D6EED410}.Release|Any CPU.Build.0 = Release|Any CPU
		{3D5C48E8-8A27-4D95-AFF9-7C061E5594F8}.Debug|Any CPU.ActiveCfg = Debug|Any CPU
		{3D5C48E8-8A27-4D95-AFF9-7C061E5594F8}.Debug|Any CPU.Build.0 = Debug|Any CPU
		{3D5C48E8-8A27-4D95-AFF9-7C061E5594F8}.Release|Any CPU.ActiveCfg = Release|Any CPU
		{3D5C48E8-8A27-4D95-AFF9-7C061E5594F8}.Release|Any CPU.Build.0 = Release|Any CPU
		{52F82FEC-2409-4773-AC4F-690D9EB3FC8F}.Debug|Any CPU.ActiveCfg = Debug|Any CPU
		{52F82FEC-2409-4773-AC4F-690D9EB3FC8F}.Debug|Any CPU.Build.0 = Debug|Any CPU
		{52F82FEC-2409-4773-AC4F-690D9EB3FC8F}.Release|Any CPU.ActiveCfg = Release|Any CPU
		{52F82FEC-2409-4773-AC4F-690D9EB3FC8F}.Release|Any CPU.Build.0 = Release|Any CPU
		{251F0ACA-3703-4670-B8E4-E3FC05886BAF}.Debug|Any CPU.ActiveCfg = Debug|Any CPU
		{251F0ACA-3703-4670-B8E4-E3FC05886BAF}.Debug|Any CPU.Build.0 = Debug|Any CPU
		{251F0ACA-3703-4670-B8E4-E3FC05886BAF}.Release|Any CPU.ActiveCfg = Release|Any CPU
		{251F0ACA-3703-4670-B8E4-E3FC05886BAF}.Release|Any CPU.Build.0 = Release|Any CPU
	EndGlobalSection
	GlobalSection(SolutionProperties) = preSolution
		HideSolutionNode = FALSE
	EndGlobalSection
	GlobalSection(ExtensibilityGlobals) = postSolution
		SolutionGuid = {DD3B26B7-5F95-483E-AB25-0A413C944473}
	EndGlobalSection
EndGlobal
